
Microsoft Visual Studio Solution File, Format Version 12.00
# Visual Studio Version 17
VisualStudioVersion = 17.9.34714.143
MinimumVisualStudioVersion = 10.0.40219.1
Project("{FAE04EC0-301F-11D3-BF4B-00C04F79EFBC}") = "PracticaFormativa2", "PracticaFormativa2\PracticaFormativa2.csproj", "{2A894C11-7964-48BC-957D-E5F24D3AF180}"
EndProject
Global
	GlobalSection(SolutionConfigurationPlatforms) = preSolution
		Debug|Any CPU = Debug|Any CPU
		Release|Any CPU = Release|Any CPU
	EndGlobalSection
	GlobalSection(ProjectConfigurationPlatforms) = postSolution
		{2A894C11-7964-48BC-957D-E5F24D3AF180}.Debug|Any CPU.ActiveCfg = Debug|Any CPU
		{2A894C11-7964-48BC-957D-E5F24D3AF180}.Debug|Any CPU.Build.0 = Debug|Any CPU
		{2A894C11-7964-48BC-957D-E5F24D3AF180}.Release|Any CPU.ActiveCfg = Release|Any CPU
		{2A894C11-7964-48BC-957D-E5F24D3AF180}.Release|Any CPU.Build.0 = Release|Any CPU
	EndGlobalSection
	GlobalSection(SolutionProperties) = preSolution
		HideSolutionNode = FALSE
	EndGlobalSection
	GlobalSection(ExtensibilityGlobals) = postSolution
		SolutionGuid = {39F184C3-6132-46A5-9544-A37C0AF95507}
	EndGlobalSection
EndGlobal
